
Microsoft Visual Studio Solution File, Format Version 12.00
# Visual Studio 14
VisualStudioVersion = 14.0.25123.0
MinimumVisualStudioVersion = 10.0.40219.1
Project("{FAE04EC0-301F-11D3-BF4B-00C04F79EFBC}") = "Rake", "Rake\Rake.csproj", "{106F1B62-3998-4B12-953D-166C97A3DE44}"
EndProject
Project("{FAE04EC0-301F-11D3-BF4B-00C04F79EFBC}") = "Rake.Tests", "Rake.Tests\Rake.Tests.csproj", "{AD870E7C-EFB7-442F-B9E7-B84BE0E5B577}"
EndProject
Global
	GlobalSection(SolutionConfigurationPlatforms) = preSolution
		Debug|Any CPU = Debug|Any CPU
		Release|Any CPU = Release|Any CPU
	EndGlobalSection
	GlobalSection(ProjectConfigurationPlatforms) = postSolution
		{106F1B62-3998-4B12-953D-166C97A3DE44}.Debug|Any CPU.ActiveCfg = Debug|Any CPU
		{106F1B62-3998-4B12-953D-166C97A3DE44}.Debug|Any CPU.Build.0 = Debug|Any CPU
		{106F1B62-3998-4B12-953D-166C97A3DE44}.Release|Any CPU.ActiveCfg = Release|Any CPU
		{106F1B62-3998-4B12-953D-166C97A3DE44}.Release|Any CPU.Build.0 = Release|Any CPU
		{AD870E7C-EFB7-442F-B9E7-B84BE0E5B577}.Debug|Any CPU.ActiveCfg = Debug|Any CPU
		{AD870E7C-EFB7-442F-B9E7-B84BE0E5B577}.Debug|Any CPU.Build.0 = Debug|Any CPU
		{AD870E7C-EFB7-442F-B9E7-B84BE0E5B577}.Release|Any CPU.ActiveCfg = Release|Any CPU
		{AD870E7C-EFB7-442F-B9E7-B84BE0E5B577}.Release|Any CPU.Build.0 = Release|Any CPU
	EndGlobalSection
	GlobalSection(SolutionProperties) = preSolution
		HideSolutionNode = FALSE
	EndGlobalSection
EndGlobal
